// !$*UTF8*$!
{
	archiveVersion = 1;
	classes = {
	};
	objectVersion = 46;
	objects = {

/* Begin PBXBuildFile section */
		9C01106B179D32510067A6C7 /* ServiceDetailViewController.m in Sources */ = {isa = PBXBuildFile; fileRef = 9C01106A179D32510067A6C7 /* ServiceDetailViewController.m */; };
		9C0291A1179020B9007C44BA /* DS Officina Serif-Bold.otf in Resources */ = {isa = PBXBuildFile; fileRef = 9C02919F179020B9007C44BA /* DS Officina Serif-Bold.otf */; };
		9C0291A2179020B9007C44BA /* DS Officina Serif-Book.otf in Resources */ = {isa = PBXBuildFile; fileRef = 9C0291A0179020B9007C44BA /* DS Officina Serif-Book.otf */; };
		9C0291A6179020D7007C44BA /* Beeline_brand_guidelines_RU_p22-54.pdf in Resources */ = {isa = PBXBuildFile; fileRef = 9C0291A5179020D7007C44BA /* Beeline_brand_guidelines_RU_p22-54.pdf */; };
		9C0291A9179020E6007C44BA /* faq_kg.json in Resources */ = {isa = PBXBuildFile; fileRef = 9C0291A7179020E6007C44BA /* faq_kg.json */; };
		9C0291AA179020E6007C44BA /* faq.json in Resources */ = {isa = PBXBuildFile; fileRef = 9C0291A8179020E6007C44BA /* faq.json */; };
		9C0291AC17902105007C44BA /* url.txt in Resources */ = {isa = PBXBuildFile; fileRef = 9C0291AB17902105007C44BA /* url.txt */; };
		9C127EE1179054010031C7B5 /* Common.m in Sources */ = {isa = PBXBuildFile; fileRef = 9C127EE0179054010031C7B5 /* Common.m */; };
		9C1C3D6F17A7AC0B00C56664 /* icon57.png in Resources */ = {isa = PBXBuildFile; fileRef = 9C1C3D6E17A7AC0B00C56664 /* icon57.png */; };
		9C1C3D7117A7AC0F00C56664 /* icon114.png in Resources */ = {isa = PBXBuildFile; fileRef = 9C1C3D7017A7AC0F00C56664 /* icon114.png */; };
		9C1C3D7317A7B76900C56664 /* QuartzCore.framework in Frameworks */ = {isa = PBXBuildFile; fileRef = 9C1C3D7217A7B76900C56664 /* QuartzCore.framework */; };
		9C1C3D7517A7C0E400C56664 /* Default.png in Resources */ = {isa = PBXBuildFile; fileRef = 9C1C3D7417A7C0E300C56664 /* Default.png */; };
		9C1C3D7717A7C0EB00C56664 /* Default@2x.png in Resources */ = {isa = PBXBuildFile; fileRef = 9C1C3D7617A7C0EB00C56664 /* Default@2x.png */; };
		9C1C3D7917A7C10400C56664 /* Default-568h@2x.png in Resources */ = {isa = PBXBuildFile; fileRef = 9C1C3D7817A7C10400C56664 /* Default-568h@2x.png */; };
		9CB7ED591798FD7B00628310 /* Zone.m in Sources */ = {isa = PBXBuildFile; fileRef = 9CB7ED581798FD7B00628310 /* Zone.m */; };
		9CBF6A791790068E00988B88 /* UIKit.framework in Frameworks */ = {isa = PBXBuildFile; fileRef = 9CBF6A781790068E00988B88 /* UIKit.framework */; };
		9CBF6A7B1790068E00988B88 /* Foundation.framework in Frameworks */ = {isa = PBXBuildFile; fileRef = 9CBF6A7A1790068E00988B88 /* Foundation.framework */; };
		9CBF6A7D1790068E00988B88 /* CoreGraphics.framework in Frameworks */ = {isa = PBXBuildFile; fileRef = 9CBF6A7C1790068E00988B88 /* CoreGraphics.framework */; };
		9CBF6A831790068F00988B88 /* InfoPlist.strings in Resources */ = {isa = PBXBuildFile; fileRef = 9CBF6A811790068F00988B88 /* InfoPlist.strings */; };
		9CBF6A851790068F00988B88 /* main.m in Sources */ = {isa = PBXBuildFile; fileRef = 9CBF6A841790068F00988B88 /* main.m */; };
		9CBF6A891790068F00988B88 /* AppDelegate.m in Sources */ = {isa = PBXBuildFile; fileRef = 9CBF6A881790068F00988B88 /* AppDelegate.m */; };
		9CBF6A8B1790068F00988B88 /* Default.png in Resources */ = {isa = PBXBuildFile; fileRef = 9CBF6A8A1790068F00988B88 /* Default.png */; };
		9CBF6A8D1790068F00988B88 /* Default@2x.png in Resources */ = {isa = PBXBuildFile; fileRef = 9CBF6A8C1790068F00988B88 /* Default@2x.png */; };
		9CBF6A8F1790068F00988B88 /* Default-568h@2x.png in Resources */ = {isa = PBXBuildFile; fileRef = 9CBF6A8E1790068F00988B88 /* Default-568h@2x.png */; };
		9CBF6A921790068F00988B88 /* MainStoryboard.storyboard in Resources */ = {isa = PBXBuildFile; fileRef = 9CBF6A901790068F00988B88 /* MainStoryboard.storyboard */; };
		9CBF6A971790068F00988B88 /* first.png in Resources */ = {isa = PBXBuildFile; fileRef = 9CBF6A961790068F00988B88 /* first.png */; };
		9CBF6A991790068F00988B88 /* first@2x.png in Resources */ = {isa = PBXBuildFile; fileRef = 9CBF6A981790068F00988B88 /* first@2x.png */; };
		9CBF6A9E1790068F00988B88 /* second.png in Resources */ = {isa = PBXBuildFile; fileRef = 9CBF6A9D1790068F00988B88 /* second.png */; };
		9CBF6AA01790068F00988B88 /* second@2x.png in Resources */ = {isa = PBXBuildFile; fileRef = 9CBF6A9F1790068F00988B88 /* second@2x.png */; };
		DD5D7C701792601800858CE7 /* FAQViewController.m in Sources */ = {isa = PBXBuildFile; fileRef = DD5D7C6F1792601800858CE7 /* FAQViewController.m */; };
		DD5D7C7317927A8400858CE7 /* FAQDetailViewController.m in Sources */ = {isa = PBXBuildFile; fileRef = DD5D7C7217927A8400858CE7 /* FAQDetailViewController.m */; };
		DD5D7C78179284FC00858CE7 /* TarifsNavController.m in Sources */ = {isa = PBXBuildFile; fileRef = DD5D7C77179284FC00858CE7 /* TarifsNavController.m */; };
		DDAD9E79179288BB008A100B /* Localizable.strings in Resources */ = {isa = PBXBuildFile; fileRef = DDAD9E7B179288BB008A100B /* Localizable.strings */; };
		DDAD9E8017928A50008A100B /* TarifsViewController.m in Sources */ = {isa = PBXBuildFile; fileRef = DDAD9E7F17928A50008A100B /* TarifsViewController.m */; };
		DDAD9E8217929063008A100B /* tarifs.json in Resources */ = {isa = PBXBuildFile; fileRef = DDAD9E8117929063008A100B /* tarifs.json */; };
		DDAD9E8517929E20008A100B /* TarifDetailViewController.m in Sources */ = {isa = PBXBuildFile; fileRef = DDAD9E8417929E20008A100B /* TarifDetailViewController.m */; };
/* End PBXBuildFile section */

/* Begin PBXFileReference section */
		9C011069179D32510067A6C7 /* ServiceDetailViewController.h */ = {isa = PBXFileReference; fileEncoding = 4; lastKnownFileType = sourcecode.c.h; path = ServiceDetailViewController.h; sourceTree = "<group>"; };
		9C01106A179D32510067A6C7 /* ServiceDetailViewController.m */ = {isa = PBXFileReference; fileEncoding = 4; lastKnownFileType = sourcecode.c.objc; path = ServiceDetailViewController.m; sourceTree = "<group>"; };
		9C02919F179020B9007C44BA /* DS Officina Serif-Bold.otf */ = {isa = PBXFileReference; lastKnownFileType = file; path = "DS Officina Serif-Bold.otf"; sourceTree = "<group>"; };
		9C0291A0179020B9007C44BA /* DS Officina Serif-Book.otf */ = {isa = PBXFileReference; lastKnownFileType = file; path = "DS Officina Serif-Book.otf"; sourceTree = "<group>"; };
		9C0291A5179020D7007C44BA /* Beeline_brand_guidelines_RU_p22-54.pdf */ = {isa = PBXFileReference; lastKnownFileType = image.pdf; path = "Beeline_brand_guidelines_RU_p22-54.pdf"; sourceTree = "<group>"; };
		9C0291A7179020E6007C44BA /* faq_kg.json */ = {isa = PBXFileReference; fileEncoding = 4; lastKnownFileType = text.json; path = faq_kg.json; sourceTree = "<group>"; };
		9C0291A8179020E6007C44BA /* faq.json */ = {isa = PBXFileReference; fileEncoding = 4; lastKnownFileType = text.json; path = faq.json; sourceTree = "<group>"; };
		9C0291AB17902105007C44BA /* url.txt */ = {isa = PBXFileReference; fileEncoding = 4; lastKnownFileType = text; path = url.txt; sourceTree = "<group>"; };
		9C127EDF179054010031C7B5 /* Common.h */ = {isa = PBXFileReference; fileEncoding = 4; lastKnownFileType = sourcecode.c.h; path = Common.h; sourceTree = "<group>"; };
		9C127EE0179054010031C7B5 /* Common.m */ = {isa = PBXFileReference; fileEncoding = 4; lastKnownFileType = sourcecode.c.objc; path = Common.m; sourceTree = "<group>"; };
		9C1C3D6E17A7AC0B00C56664 /* icon57.png */ = {isa = PBXFileReference; lastKnownFileType = image.png; path = icon57.png; sourceTree = "<group>"; };
		9C1C3D7017A7AC0F00C56664 /* icon114.png */ = {isa = PBXFileReference; lastKnownFileType = image.png; path = icon114.png; sourceTree = "<group>"; };
		9C1C3D7217A7B76900C56664 /* QuartzCore.framework */ = {isa = PBXFileReference; lastKnownFileType = wrapper.framework; name = QuartzCore.framework; path = System/Library/Frameworks/QuartzCore.framework; sourceTree = SDKROOT; };
		9C1C3D7417A7C0E300C56664 /* Default.png */ = {isa = PBXFileReference; lastKnownFileType = image.png; path = Default.png; sourceTree = "<group>"; };
		9C1C3D7617A7C0EB00C56664 /* Default@2x.png */ = {isa = PBXFileReference; lastKnownFileType = image.png; path = "Default@2x.png"; sourceTree = "<group>"; };
		9C1C3D7817A7C10400C56664 /* Default-568h@2x.png */ = {isa = PBXFileReference; lastKnownFileType = image.png; path = "Default-568h@2x.png"; sourceTree = "<group>"; };
		9CB7ED571798FD7B00628310 /* Zone.h */ = {isa = PBXFileReference; fileEncoding = 4; lastKnownFileType = sourcecode.c.h; path = Zone.h; sourceTree = "<group>"; };
		9CB7ED581798FD7B00628310 /* Zone.m */ = {isa = PBXFileReference; fileEncoding = 4; lastKnownFileType = sourcecode.c.objc; path = Zone.m; sourceTree = "<group>"; };
		9CBF6A751790068E00988B88 /* iBeeline.app */ = {isa = PBXFileReference; explicitFileType = wrapper.application; includeInIndex = 0; path = iBeeline.app; sourceTree = BUILT_PRODUCTS_DIR; };
		9CBF6A781790068E00988B88 /* UIKit.framework */ = {isa = PBXFileReference; lastKnownFileType = wrapper.framework; name = UIKit.framework; path = System/Library/Frameworks/UIKit.framework; sourceTree = SDKROOT; };
		9CBF6A7A1790068E00988B88 /* Foundation.framework */ = {isa = PBXFileReference; lastKnownFileType = wrapper.framework; name = Foundation.framework; path = System/Library/Frameworks/Foundation.framework; sourceTree = SDKROOT; };
		9CBF6A7C1790068E00988B88 /* CoreGraphics.framework */ = {isa = PBXFileReference; lastKnownFileType = wrapper.framework; name = CoreGraphics.framework; path = System/Library/Frameworks/CoreGraphics.framework; sourceTree = SDKROOT; };
		9CBF6A801790068F00988B88 /* iBeeline-Info.plist */ = {isa = PBXFileReference; lastKnownFileType = text.plist.xml; path = "iBeeline-Info.plist"; sourceTree = "<group>"; };
		9CBF6A821790068F00988B88 /* en */ = {isa = PBXFileReference; lastKnownFileType = text.plist.strings; name = en; path = en.lproj/InfoPlist.strings; sourceTree = "<group>"; };
		9CBF6A841790068F00988B88 /* main.m */ = {isa = PBXFileReference; lastKnownFileType = sourcecode.c.objc; path = main.m; sourceTree = "<group>"; };
		9CBF6A861790068F00988B88 /* iBeeline-Prefix.pch */ = {isa = PBXFileReference; lastKnownFileType = sourcecode.c.h; path = "iBeeline-Prefix.pch"; sourceTree = "<group>"; };
		9CBF6A871790068F00988B88 /* AppDelegate.h */ = {isa = PBXFileReference; lastKnownFileType = sourcecode.c.h; path = AppDelegate.h; sourceTree = "<group>"; };
		9CBF6A881790068F00988B88 /* AppDelegate.m */ = {isa = PBXFileReference; lastKnownFileType = sourcecode.c.objc; path = AppDelegate.m; sourceTree = "<group>"; };
		9CBF6A8A1790068F00988B88 /* Default.png */ = {isa = PBXFileReference; lastKnownFileType = image.png; path = Default.png; sourceTree = "<group>"; };
		9CBF6A8C1790068F00988B88 /* Default@2x.png */ = {isa = PBXFileReference; lastKnownFileType = image.png; path = "Default@2x.png"; sourceTree = "<group>"; };
		9CBF6A8E1790068F00988B88 /* Default-568h@2x.png */ = {isa = PBXFileReference; lastKnownFileType = image.png; path = "Default-568h@2x.png"; sourceTree = "<group>"; };
		9CBF6A911790068F00988B88 /* en */ = {isa = PBXFileReference; lastKnownFileType = file.storyboard; name = en; path = en.lproj/MainStoryboard.storyboard; sourceTree = "<group>"; };
		9CBF6A961790068F00988B88 /* first.png */ = {isa = PBXFileReference; lastKnownFileType = image.png; name = first.png; path = iBeeline/first.png; sourceTree = "<group>"; };
		9CBF6A981790068F00988B88 /* first@2x.png */ = {isa = PBXFileReference; lastKnownFileType = image.png; name = "first@2x.png"; path = "iBeeline/first@2x.png"; sourceTree = "<group>"; };
		9CBF6A9D1790068F00988B88 /* second.png */ = {isa = PBXFileReference; lastKnownFileType = image.png; name = second.png; path = iBeeline/second.png; sourceTree = "<group>"; };
		9CBF6A9F1790068F00988B88 /* second@2x.png */ = {isa = PBXFileReference; lastKnownFileType = image.png; name = "second@2x.png"; path = "iBeeline/second@2x.png"; sourceTree = "<group>"; };
		DD5D7C6E1792601800858CE7 /* FAQViewController.h */ = {isa = PBXFileReference; fileEncoding = 4; lastKnownFileType = sourcecode.c.h; path = FAQViewController.h; sourceTree = "<group>"; };
		DD5D7C6F1792601800858CE7 /* FAQViewController.m */ = {isa = PBXFileReference; fileEncoding = 4; lastKnownFileType = sourcecode.c.objc; path = FAQViewController.m; sourceTree = "<group>"; };
		DD5D7C7117927A8400858CE7 /* FAQDetailViewController.h */ = {isa = PBXFileReference; fileEncoding = 4; lastKnownFileType = sourcecode.c.h; path = FAQDetailViewController.h; sourceTree = "<group>"; };
		DD5D7C7217927A8400858CE7 /* FAQDetailViewController.m */ = {isa = PBXFileReference; fileEncoding = 4; lastKnownFileType = sourcecode.c.objc; path = FAQDetailViewController.m; sourceTree = "<group>"; };
		DD5D7C76179284FC00858CE7 /* TarifsNavController.h */ = {isa = PBXFileReference; fileEncoding = 4; lastKnownFileType = sourcecode.c.h; path = TarifsNavController.h; sourceTree = "<group>"; };
		DD5D7C77179284FC00858CE7 /* TarifsNavController.m */ = {isa = PBXFileReference; fileEncoding = 4; lastKnownFileType = sourcecode.c.objc; path = TarifsNavController.m; sourceTree = "<group>"; };
		DDAD9E7A179288BB008A100B /* en */ = {isa = PBXFileReference; lastKnownFileType = text.plist.strings; name = en; path = en.lproj/Localizable.strings; sourceTree = "<group>"; };
		DDAD9E7C179288D6008A100B /* ru */ = {isa = PBXFileReference; lastKnownFileType = text.plist.strings; name = ru; path = ru.lproj/Localizable.strings; sourceTree = "<group>"; };
		DDAD9E7D179289E4008A100B /* kk-KZ */ = {isa = PBXFileReference; lastKnownFileType = text.plist.strings; name = "kk-KZ"; path = "kk-KZ.lproj/Localizable.strings"; sourceTree = "<group>"; };
		DDAD9E7E17928A50008A100B /* TarifsViewController.h */ = {isa = PBXFileReference; fileEncoding = 4; lastKnownFileType = sourcecode.c.h; path = TarifsViewController.h; sourceTree = "<group>"; };
		DDAD9E7F17928A50008A100B /* TarifsViewController.m */ = {isa = PBXFileReference; fileEncoding = 4; lastKnownFileType = sourcecode.c.objc; path = TarifsViewController.m; sourceTree = "<group>"; };
		DDAD9E8117929063008A100B /* tarifs.json */ = {isa = PBXFileReference; fileEncoding = 4; lastKnownFileType = text.json; path = tarifs.json; sourceTree = "<group>"; };
		DDAD9E8317929E20008A100B /* TarifDetailViewController.h */ = {isa = PBXFileReference; fileEncoding = 4; lastKnownFileType = sourcecode.c.h; path = TarifDetailViewController.h; sourceTree = "<group>"; };
		DDAD9E8417929E20008A100B /* TarifDetailViewController.m */ = {isa = PBXFileReference; fileEncoding = 4; lastKnownFileType = sourcecode.c.objc; path = TarifDetailViewController.m; sourceTree = "<group>"; };
/* End PBXFileReference section */

/* Begin PBXFrameworksBuildPhase section */
		9CBF6A721790068E00988B88 /* Frameworks */ = {
			isa = PBXFrameworksBuildPhase;
			buildActionMask = 2147483647;
			files = (
				9C1C3D7317A7B76900C56664 /* QuartzCore.framework in Frameworks */,
				9CBF6A791790068E00988B88 /* UIKit.framework in Frameworks */,
				9CBF6A7B1790068E00988B88 /* Foundation.framework in Frameworks */,
				9CBF6A7D1790068E00988B88 /* CoreGraphics.framework in Frameworks */,
			);
			runOnlyForDeploymentPostprocessing = 0;
		};
/* End PBXFrameworksBuildPhase section */

/* Begin PBXGroup section */
		9C02919E179020A4007C44BA /* font */ = {
			isa = PBXGroup;
			children = (
				9C02919F179020B9007C44BA /* DS Officina Serif-Bold.otf */,
				9C0291A0179020B9007C44BA /* DS Officina Serif-Book.otf */,
			);
			name = font;
			sourceTree = "<group>";
		};
		9C0291A3179020C5007C44BA /* docs */ = {
			isa = PBXGroup;
			children = (
				9C0291A5179020D7007C44BA /* Beeline_brand_guidelines_RU_p22-54.pdf */,
			);
			name = docs;
			sourceTree = "<group>";
		};
		9C0291A4179020CC007C44BA /* json */ = {
			isa = PBXGroup;
			children = (
				DDAD9E8117929063008A100B /* tarifs.json */,
				9C0291A7179020E6007C44BA /* faq_kg.json */,
				9C0291A8179020E6007C44BA /* faq.json */,
				9C0291AB17902105007C44BA /* url.txt */,
			);
			name = json;
			sourceTree = "<group>";
		};
		9C127EDE179052130031C7B5 /* png */ = {
			isa = PBXGroup;
			children = (
				9CBF6A961790068F00988B88 /* first.png */,
				9CBF6A981790068F00988B88 /* first@2x.png */,
				9CBF6A9D1790068F00988B88 /* second.png */,
				9CBF6A9F1790068F00988B88 /* second@2x.png */,
			);
			name = png;
			sourceTree = "<group>";
		};
		9CBF6A6C1790068E00988B88 = {
			isa = PBXGroup;
			children = (
				9C1C3D7817A7C10400C56664 /* Default-568h@2x.png */,
				9C1C3D7617A7C0EB00C56664 /* Default@2x.png */,
				9C1C3D7417A7C0E300C56664 /* Default.png */,
				9C1C3D7217A7B76900C56664 /* QuartzCore.framework */,
				9C1C3D7017A7AC0F00C56664 /* icon114.png */,
				9C1C3D6E17A7AC0B00C56664 /* icon57.png */,
				9C127EDE179052130031C7B5 /* png */,
				9C0291A4179020CC007C44BA /* json */,
				9C0291A3179020C5007C44BA /* docs */,
				9C02919E179020A4007C44BA /* font */,
				9CBF6A7E1790068E00988B88 /* iBeeline */,
				9CBF6A771790068E00988B88 /* Frameworks */,
				9CBF6A761790068E00988B88 /* Products */,
			);
			sourceTree = "<group>";
		};
		9CBF6A761790068E00988B88 /* Products */ = {
			isa = PBXGroup;
			children = (
				9CBF6A751790068E00988B88 /* iBeeline.app */,
			);
			name = Products;
			sourceTree = "<group>";
		};
		9CBF6A771790068E00988B88 /* Frameworks */ = {
			isa = PBXGroup;
			children = (
				9CBF6A781790068E00988B88 /* UIKit.framework */,
				9CBF6A7A1790068E00988B88 /* Foundation.framework */,
				9CBF6A7C1790068E00988B88 /* CoreGraphics.framework */,
			);
			name = Frameworks;
			sourceTree = "<group>";
		};
		9CBF6A7E1790068E00988B88 /* iBeeline */ = {
			isa = PBXGroup;
			children = (
				9C127EDF179054010031C7B5 /* Common.h */,
				9C127EE0179054010031C7B5 /* Common.m */,
				9CBF6A871790068F00988B88 /* AppDelegate.h */,
				9CBF6A881790068F00988B88 /* AppDelegate.m */,
				9CBF6A901790068F00988B88 /* MainStoryboard.storyboard */,
				DD5D7C76179284FC00858CE7 /* TarifsNavController.h */,
				DD5D7C77179284FC00858CE7 /* TarifsNavController.m */,
				DDAD9E7E17928A50008A100B /* TarifsViewController.h */,
				DDAD9E7F17928A50008A100B /* TarifsViewController.m */,
				DDAD9E8317929E20008A100B /* TarifDetailViewController.h */,
				DDAD9E8417929E20008A100B /* TarifDetailViewController.m */,
				9C011069179D32510067A6C7 /* ServiceDetailViewController.h */,
				9C01106A179D32510067A6C7 /* ServiceDetailViewController.m */,
				DD5D7C6E1792601800858CE7 /* FAQViewController.h */,
				DD5D7C6F1792601800858CE7 /* FAQViewController.m */,
				DD5D7C7117927A8400858CE7 /* FAQDetailViewController.h */,
				DD5D7C7217927A8400858CE7 /* FAQDetailViewController.m */,
				9CB7ED571798FD7B00628310 /* Zone.h */,
				9CB7ED581798FD7B00628310 /* Zone.m */,
				9CBF6A7F1790068F00988B88 /* Supporting Files */,
			);
			path = iBeeline;
			sourceTree = "<group>";
		};
		9CBF6A7F1790068F00988B88 /* Supporting Files */ = {
			isa = PBXGroup;
			children = (
				DDAD9E7B179288BB008A100B /* Localizable.strings */,
				9CBF6A801790068F00988B88 /* iBeeline-Info.plist */,
				9CBF6A811790068F00988B88 /* InfoPlist.strings */,
				9CBF6A841790068F00988B88 /* main.m */,
				9CBF6A861790068F00988B88 /* iBeeline-Prefix.pch */,
				9CBF6A8A1790068F00988B88 /* Default.png */,
				9CBF6A8C1790068F00988B88 /* Default@2x.png */,
				9CBF6A8E1790068F00988B88 /* Default-568h@2x.png */,
			);
			name = "Supporting Files";
			sourceTree = "<group>";
		};
/* End PBXGroup section */

/* Begin PBXNativeTarget section */
		9CBF6A741790068E00988B88 /* iBeeline */ = {
			isa = PBXNativeTarget;
			buildConfigurationList = 9CBF6AA31790068F00988B88 /* Build configuration list for PBXNativeTarget "iBeeline" */;
			buildPhases = (
				9CBF6A711790068E00988B88 /* Sources */,
				9CBF6A721790068E00988B88 /* Frameworks */,
				9CBF6A731790068E00988B88 /* Resources */,
			);
			buildRules = (
			);
			dependencies = (
			);
			name = iBeeline;
			productName = iBeeline;
			productReference = 9CBF6A751790068E00988B88 /* iBeeline.app */;
			productType = "com.apple.product-type.application";
		};
/* End PBXNativeTarget section */

/* Begin PBXProject section */
		9CBF6A6D1790068E00988B88 /* Project object */ = {
			isa = PBXProject;
			attributes = {
				LastUpgradeCheck = 0460;
				ORGANIZATIONNAME = Zul;
			};
			buildConfigurationList = 9CBF6A701790068E00988B88 /* Build configuration list for PBXProject "iBeeline" */;
			compatibilityVersion = "Xcode 3.2";
			developmentRegion = English;
			hasScannedForEncodings = 0;
			knownRegions = (
				en,
				it,
				ru,
				"kk-KZ",
			);
			mainGroup = 9CBF6A6C1790068E00988B88;
			productRefGroup = 9CBF6A761790068E00988B88 /* Products */;
			projectDirPath = "";
			projectRoot = "";
			targets = (
				9CBF6A741790068E00988B88 /* iBeeline */,
			);
		};
/* End PBXProject section */

/* Begin PBXResourcesBuildPhase section */
		9CBF6A731790068E00988B88 /* Resources */ = {
			isa = PBXResourcesBuildPhase;
			buildActionMask = 2147483647;
			files = (
				9CBF6A831790068F00988B88 /* InfoPlist.strings in Resources */,
				9CBF6A8B1790068F00988B88 /* Default.png in Resources */,
				9CBF6A8D1790068F00988B88 /* Default@2x.png in Resources */,
				9CBF6A8F1790068F00988B88 /* Default-568h@2x.png in Resources */,
				9CBF6A921790068F00988B88 /* MainStoryboard.storyboard in Resources */,
				9CBF6A971790068F00988B88 /* first.png in Resources */,
				9CBF6A991790068F00988B88 /* first@2x.png in Resources */,
				9CBF6A9E1790068F00988B88 /* second.png in Resources */,
				9CBF6AA01790068F00988B88 /* second@2x.png in Resources */,
				9C0291A1179020B9007C44BA /* DS Officina Serif-Bold.otf in Resources */,
				9C0291A2179020B9007C44BA /* DS Officina Serif-Book.otf in Resources */,
				9C0291A6179020D7007C44BA /* Beeline_brand_guidelines_RU_p22-54.pdf in Resources */,
				9C0291A9179020E6007C44BA /* faq_kg.json in Resources */,
				9C0291AA179020E6007C44BA /* faq.json in Resources */,
				9C0291AC17902105007C44BA /* url.txt in Resources */,
				DDAD9E79179288BB008A100B /* Localizable.strings in Resources */,
				DDAD9E8217929063008A100B /* tarifs.json in Resources */,
				9C1C3D6F17A7AC0B00C56664 /* icon57.png in Resources */,
				9C1C3D7117A7AC0F00C56664 /* icon114.png in Resources */,
				9C1C3D7517A7C0E400C56664 /* Default.png in Resources */,
				9C1C3D7717A7C0EB00C56664 /* Default@2x.png in Resources */,
				9C1C3D7917A7C10400C56664 /* Default-568h@2x.png in Resources */,
			);
			runOnlyForDeploymentPostprocessing = 0;
		};
/* End PBXResourcesBuildPhase section */

/* Begin PBXSourcesBuildPhase section */
		9CBF6A711790068E00988B88 /* Sources */ = {
			isa = PBXSourcesBuildPhase;
			buildActionMask = 2147483647;
			files = (
				9CBF6A851790068F00988B88 /* main.m in Sources */,
				9CBF6A891790068F00988B88 /* AppDelegate.m in Sources */,
				9C127EE1179054010031C7B5 /* Common.m in Sources */,
				DD5D7C701792601800858CE7 /* FAQViewController.m in Sources */,
				DD5D7C7317927A8400858CE7 /* FAQDetailViewController.m in Sources */,
				DD5D7C78179284FC00858CE7 /* TarifsNavController.m in Sources */,
				DDAD9E8017928A50008A100B /* TarifsViewController.m in Sources */,
				DDAD9E8517929E20008A100B /* TarifDetailViewController.m in Sources */,
				9CB7ED591798FD7B00628310 /* Zone.m in Sources */,
				9C01106B179D32510067A6C7 /* ServiceDetailViewController.m in Sources */,
			);
			runOnlyForDeploymentPostprocessing = 0;
		};
/* End PBXSourcesBuildPhase section */

/* Begin PBXVariantGroup section */
		9CBF6A811790068F00988B88 /* InfoPlist.strings */ = {
			isa = PBXVariantGroup;
			children = (
				9CBF6A821790068F00988B88 /* en */,
			);
			name = InfoPlist.strings;
			sourceTree = "<group>";
		};
		9CBF6A901790068F00988B88 /* MainStoryboard.storyboard */ = {
			isa = PBXVariantGroup;
			children = (
				9CBF6A911790068F00988B88 /* en */,
			);
			name = MainStoryboard.storyboard;
			sourceTree = "<group>";
		};
		DDAD9E7B179288BB008A100B /* Localizable.strings */ = {
			isa = PBXVariantGroup;
			children = (
				DDAD9E7A179288BB008A100B /* en */,
				DDAD9E7C179288D6008A100B /* ru */,
				DDAD9E7D179289E4008A100B /* kk-KZ */,
			);
			name = Localizable.strings;
			path = ..;
			sourceTree = "<group>";
		};
/* End PBXVariantGroup section */

/* Begin XCBuildConfiguration section */
		9CBF6AA11790068F00988B88 /* Debug */ = {
			isa = XCBuildConfiguration;
			buildSettings = {
				ALWAYS_SEARCH_USER_PATHS = NO;
				CLANG_CXX_LANGUAGE_STANDARD = "gnu++0x";
				CLANG_CXX_LIBRARY = "libc++";
				CLANG_ENABLE_OBJC_ARC = YES;
				CLANG_WARN_CONSTANT_CONVERSION = YES;
				CLANG_WARN_EMPTY_BODY = YES;
				CLANG_WARN_ENUM_CONVERSION = YES;
				CLANG_WARN_INT_CONVERSION = YES;
				CLANG_WARN__DUPLICATE_METHOD_MATCH = YES;
				"CODE_SIGN_IDENTITY[sdk=iphoneos*]" = "iPhone Developer";
				COPY_PHASE_STRIP = NO;
				GCC_C_LANGUAGE_STANDARD = gnu99;
				GCC_DYNAMIC_NO_PIC = NO;
				GCC_OPTIMIZATION_LEVEL = 0;
				GCC_PREPROCESSOR_DEFINITIONS = (
					"DEBUG=1",
					"$(inherited)",
				);
				GCC_SYMBOLS_PRIVATE_EXTERN = NO;
				GCC_WARN_ABOUT_RETURN_TYPE = YES;
				GCC_WARN_UNINITIALIZED_AUTOS = YES;
				GCC_WARN_UNUSED_VARIABLE = YES;
				IPHONEOS_DEPLOYMENT_TARGET = 6.1;
				ONLY_ACTIVE_ARCH = YES;
				SDKROOT = iphoneos;
			};
			name = Debug;
		};
		9CBF6AA21790068F00988B88 /* Release */ = {
			isa = XCBuildConfiguration;
			buildSettings = {
				ALWAYS_SEARCH_USER_PATHS = NO;
				CLANG_CXX_LANGUAGE_STANDARD = "gnu++0x";
				CLANG_CXX_LIBRARY = "libc++";
				CLANG_ENABLE_OBJC_ARC = YES;
				CLANG_WARN_CONSTANT_CONVERSION = YES;
				CLANG_WARN_EMPTY_BODY = YES;
				CLANG_WARN_ENUM_CONVERSION = YES;
				CLANG_WARN_INT_CONVERSION = YES;
				CLANG_WARN__DUPLICATE_METHOD_MATCH = YES;
				"CODE_SIGN_IDENTITY[sdk=iphoneos*]" = "iPhone Developer";
				COPY_PHASE_STRIP = YES;
				GCC_C_LANGUAGE_STANDARD = gnu99;
				GCC_WARN_ABOUT_RETURN_TYPE = YES;
				GCC_WARN_UNINITIALIZED_AUTOS = YES;
				GCC_WARN_UNUSED_VARIABLE = YES;
				IPHONEOS_DEPLOYMENT_TARGET = 6.1;
				OTHER_CFLAGS = "-DNS_BLOCK_ASSERTIONS=1";
				SDKROOT = iphoneos;
				VALIDATE_PRODUCT = YES;
			};
			name = Release;
		};
		9CBF6AA41790068F00988B88 /* Debug */ = {
			isa = XCBuildConfiguration;
			buildSettings = {
				GCC_PRECOMPILE_PREFIX_HEADER = YES;
				GCC_PREFIX_HEADER = "iBeeline/iBeeline-Prefix.pch";
				INFOPLIST_FILE = "iBeeline/iBeeline-Info.plist";
				IPHONEOS_DEPLOYMENT_TARGET = 6.0;
				PRODUCT_NAME = "$(TARGET_NAME)";
				WRAPPER_EXTENSION = app;
			};
			name = Debug;
		};
		9CBF6AA51790068F00988B88 /* Release */ = {
			isa = XCBuildConfiguration;
			buildSettings = {
				GCC_PRECOMPILE_PREFIX_HEADER = YES;
				GCC_PREFIX_HEADER = "iBeeline/iBeeline-Prefix.pch";
				INFOPLIST_FILE = "iBeeline/iBeeline-Info.plist";
				IPHONEOS_DEPLOYMENT_TARGET = 6.0;
				PRODUCT_NAME = "$(TARGET_NAME)";
				WRAPPER_EXTENSION = app;
			};
			name = Release;
		};
/* End XCBuildConfiguration section */

/* Begin XCConfigurationList section */
		9CBF6A701790068E00988B88 /* Build configuration list for PBXProject "iBeeline" */ = {
			isa = XCConfigurationList;
			buildConfigurations = (
				9CBF6AA11790068F00988B88 /* Debug */,
				9CBF6AA21790068F00988B88 /* Release */,
			);
			defaultConfigurationIsVisible = 0;
			defaultConfigurationName = Release;
		};
		9CBF6AA31790068F00988B88 /* Build configuration list for PBXNativeTarget "iBeeline" */ = {
			isa = XCConfigurationList;
			buildConfigurations = (
				9CBF6AA41790068F00988B88 /* Debug */,
				9CBF6AA51790068F00988B88 /* Release */,
			);
			defaultConfigurationIsVisible = 0;
			defaultConfigurationName = Release;
		};
/* End XCConfigurationList section */
	};
	rootObject = 9CBF6A6D1790068E00988B88 /* Project object */;
}
